github.com/google/go-cmp v0.6.0 h1:ofyhxvXcZhMsU5ulbFiLKl/XBFqE1GSq7atu8tAmTRI=
github.com/google/go-cmp v0.6.0/go.mod h1:17dUlkBOakJ0+DkrSSNjCkIjxS6bF9zb3elmeNGIjoY=
github.com/mateusz834/tgoast v0.0.0-20240608083608-60dca17be2f9 h1:qqLfC71J7Jk/XXr5SsJXOvbMXNWzcII3eCj1D0CC+Kc=
github.com/mateusz834/tgoast v0.0.0-20240608083608-60dca17be2f9/go.mod h1:oGzHgYRC4eqOhsUFckjYOCUsUxpG1xgxTIi/bWkenws=
github.com/mateusz834/tgoast v0.0.0-20240822174010-6e8bd4a53425 h1:yGk3crorAE6ospmyXeFG1cc0vPHcSqi4yndp+fgtfRg=
github.com/mateusz834/tgoast v0.0.0-20240822174010-6e8bd4a53425/go.mod h1:oGzHgYRC4eqOhsUFckjYOCUsUxpG1xgxTIi/bWkenws=
